
Microsoft Visual Studio Solution File, Format Version 12.00
# Visual Studio Version 17
VisualStudioVersion = 17.11.35222.181
MinimumVisualStudioVersion = 10.0.40219.1
Project("{FAE04EC0-301F-11D3-BF4B-00C04F79EFBC}") = "Interface", "Interface\Interface.csproj", "{A1C456B0-E5D6-4FC0-9790-664449095A5A}"
EndProject
Project("{FAE04EC0-301F-11D3-BF4B-00C04F79EFBC}") = "ClassLibrary", "ClassLibrary\ClassLibrary.csproj", "{2475F8B9-3BF7-4598-BE05-99E139B5C165}"
EndProject
Project("{FAE04EC0-301F-11D3-BF4B-00C04F79EFBC}") = "Tests", "Tests\Tests.csproj", "{B24FC0EB-A8AD-43A7-AC2C-D60CB091856B}"
EndProject
Global
	GlobalSection(SolutionConfigurationPlatforms) = preSolution
		Debug|Any CPU = Debug|Any CPU
		Release|Any CPU = Release|Any CPU
	EndGlobalSection
	GlobalSection(ProjectConfigurationPlatforms) = postSolution
		{A1C456B0-E5D6-4FC0-9790-664449095A5A}.Debug|Any CPU.ActiveCfg = Debug|Any CPU
		{A1C456B0-E5D6-4FC0-9790-664449095A5A}.Debug|Any CPU.Build.0 = Debug|Any CPU
		{A1C456B0-E5D6-4FC0-9790-664449095A5A}.Release|Any CPU.ActiveCfg = Release|Any CPU
		{A1C456B0-E5D6-4FC0-9790-664449095A5A}.Release|Any CPU.Build.0 = Release|Any CPU
		{2475F8B9-3BF7-4598-BE05-99E139B5C165}.Debug|Any CPU.ActiveCfg = Debug|Any CPU
		{2475F8B9-3BF7-4598-BE05-99E139B5C165}.Debug|Any CPU.Build.0 = Debug|Any CPU
		{2475F8B9-3BF7-4598-BE05-99E139B5C165}.Release|Any CPU.ActiveCfg = Release|Any CPU
		{2475F8B9-3BF7-4598-BE05-99E139B5C165}.Release|Any CPU.Build.0 = Release|Any CPU
		{B24FC0EB-A8AD-43A7-AC2C-D60CB091856B}.Debug|Any CPU.ActiveCfg = Debug|Any CPU
		{B24FC0EB-A8AD-43A7-AC2C-D60CB091856B}.Debug|Any CPU.Build.0 = Debug|Any CPU
		{B24FC0EB-A8AD-43A7-AC2C-D60CB091856B}.Release|Any CPU.ActiveCfg = Release|Any CPU
		{B24FC0EB-A8AD-43A7-AC2C-D60CB091856B}.Release|Any CPU.Build.0 = Release|Any CPU
	EndGlobalSection
	GlobalSection(SolutionProperties) = preSolution
		HideSolutionNode = FALSE
	EndGlobalSection
	GlobalSection(ExtensibilityGlobals) = postSolution
		SolutionGuid = {134E197F-073A-4279-A800-9D01D8B1A1A7}
	EndGlobalSection
EndGlobal
